# THIS IS AN AUTOGENERATED FILE. DO NOT EDIT THIS FILE DIRECTLY.
# yarn lockfile v1


"@babel/runtime@^7.4.4":
  version "7.4.4"
  resolved "https://unpm.uberinternal.com/@babel%2fruntime/-/runtime-7.4.4.tgz#dc2e34982eb236803aa27a07fea6857af1b9171d"
  integrity sha512-w0+uT71b6Yi7i5SE0co4NioIpSYS6lLiXvCzWzGSKvpK5vdQtCbICHMj+gbAKAOtxiV6HsVh/MBdaF9EQ6faSg==
  dependencies:
    regenerator-runtime "^0.13.2"

attr-accept@^1.1.3:
  version "1.1.3"
  resolved "https://unpm.uberinternal.com/attr-accept/-/attr-accept-1.1.3.tgz#48230c79f93790ef2775fcec4f0db0f5db41ca52"
  integrity sha512-iT40nudw8zmCweivz6j58g+RT33I4KbaIvRUhjNmDwO2WmsQUxFEZZYZ5w3vXe5x5MX9D7mfvA/XaLOZYFR9EQ==
  dependencies:
    core-js "^2.5.0"

baseui@^6.17.4:
  version "6.17.4"
  resolved "https://unpm.uberinternal.com/baseui/-/baseui-6.17.4.tgz#81960d4426550cfc8a77f2e1b17ddd25d5d95e44"
  integrity sha512-lpaiaCqIHl7spwhyomcKW6aO2PgLP5tEgpZRSRJh8wjiNCiTSGhdyeiNt1s61koYdTAsWMu8jMAUIuFaT+6v2w==
  dependencies:
    date-fns "2.0.0-alpha.27"
    focus-trap "^5.0.0"
    just-extend "^4.0.2"
    memoize-one "^5.0.0"
    polished "^3.2.0"
    popper.js "^1.14.3"
    react-dropzone "^9.0.0"
    react-input-mask "^2.0.4"
    react-movable "^2.0.1"
    react-range "^1.0.5"
    smoothscroll-polyfill "^0.4.3"
    timezone-support "^1.8.1"

bowser@^1.7.3:
  version "1.9.4"
  resolved "https://unpm.uberinternal.com/bowser/-/bowser-1.9.4.tgz#890c58a2813a9d3243704334fa81b96a5c150c9a"
  integrity sha512-9IdMmj2KjigRq6oWhmwv1W36pDuA4STQZ8q6YO9um+x07xgYNCD3Oou+WP/3L1HNz7iqythGet3/p4wvc8AAwQ==

commander@2.19.0:
  version "2.19.0"
  resolved "https://unpm.uberinternal.com/commander/-/commander-2.19.0.tgz#f6198aa84e5b83c46054b94ddedbfed5ee9ff12a"
  integrity sha512-6tvAOO+D6OENvRAh524Dh9jcfKTYDQAqvqezbCW82xj5X0pSrcpxtvRKHLG0yBY6SD7PSDrJaj+0AiOcKVd1Xg==

core-js@^2.5.0:
  version "2.6.5"
  resolved "https://unpm.uberinternal.com/core-js/-/core-js-2.6.5.tgz#44bc8d249e7fb2ff5d00e0341a7ffb94fbf67895"
  integrity sha512-klh/kDpwX8hryYL14M9w/xei6vrv6sE8gTHDG7/T/+SEovB/G4ejwcfE/CBzO6Edsu+OETZMZ3wcX/EjUkrl5A==

css-in-js-utils@^2.0.0:
  version "2.0.1"
  resolved "https://unpm.uberinternal.com/css-in-js-utils/-/css-in-js-utils-2.0.1.tgz#3b472b398787291b47cfe3e44fecfdd9e914ba99"
  integrity sha512-PJF0SpJT+WdbVVt0AOYp9C8GnuruRlL/UFW7932nLWmFLQTaWEzTBQEx7/hn4BuV+WON75iAViSUJLiU3PKbpA==
  dependencies:
    hyphenate-style-name "^1.0.2"
    isobject "^3.0.1"

date-fns@2.0.0-alpha.27:
  version "2.0.0-alpha.27"
  resolved "https://unpm.uberinternal.com/date-fns/-/date-fns-2.0.0-alpha.27.tgz#5ecd4204ef0e7064264039570f6e8afbc014481c"
  integrity sha512-cqfVLS+346P/Mpj2RpDrBv0P4p2zZhWWvfY5fuWrXNR/K38HaAGEkeOwb47hIpQP9Jr/TIxjZ2/sNMQwdXuGMg==

file-selector@^0.1.8:
  version "0.1.11"
  resolved "https://unpm.uberinternal.com/file-selector/-/file-selector-0.1.11.tgz#4648d1303fc594afe8638d0f35caed38697d32cf"
  integrity sha512-NopCegJ7QuoqVzUdSLcZb0M9IFO69CSFZzuZhZBasfQxepNwa1ehL6L9UKe3EyBof3EUeraccfJocLCRAvtxdg==
  dependencies:
    tslib "^1.9.0"

flow-bin@^0.98.1:
  version "0.98.1"
  resolved "https://unpm.uberinternal.com/flow-bin/-/flow-bin-0.98.1.tgz#a8d781621c91703df69928acc83c9777e2fcbb49"
  integrity sha512-y1YzQgbFUX4EG6h2EO8PhyJeS0VxNgER8XsTwU8IXw4KozfneSmGVgw8y3TwAOza7rVhTlHEoli1xNuNW1rhPw==

focus-trap@^5.0.0:
  version "5.0.0"
  resolved "https://unpm.uberinternal.com/focus-trap/-/focus-trap-5.0.0.tgz#b0d535b4669714e29880d294d13c8c7bbee6a085"
  integrity sha512-ECigB+4yoFBIpzQ0uO+ReM1yU4I4pVxuRSe2W24ElcWo4nJLRCb6amo2wLYEaPXgZ/mt0sSAW0ZNYkgiMrz4fQ==
  dependencies:
    tabbable "^4.0.0"
    xtend "^4.0.1"

hyphenate-style-name@^1.0.2:
  version "1.0.3"
  resolved "https://unpm.uberinternal.com/hyphenate-style-name/-/hyphenate-style-name-1.0.3.tgz#097bb7fa0b8f1a9cf0bd5c734cf95899981a9b48"
  integrity sha512-EcuixamT82oplpoJ2XU4pDtKGWQ7b00CD9f1ug9IaQ3p1bkHMiKCZ9ut9QDI6qsa6cpUuB+A/I+zLtdNK4n2DQ==

inline-style-prefixer@^4.0.0:
  version "4.0.2"
  resolved "https://unpm.uberinternal.com/inline-style-prefixer/-/inline-style-prefixer-4.0.2.tgz#d390957d26f281255fe101da863158ac6eb60911"
  integrity sha512-N8nVhwfYga9MiV9jWlwfdj1UDIaZlBFu4cJSJkIr7tZX7sHpHhGR5su1qdpW+7KPL8ISTvCIkcaFi/JdBknvPg==
  dependencies:
    bowser "^1.7.3"
    css-in-js-utils "^2.0.0"

invariant@^2.2.4:
  version "2.2.4"
  resolved "https://unpm.uberinternal.com/invariant/-/invariant-2.2.4.tgz#610f3c92c9359ce1db616e538008d23ff35158e6"
  integrity sha512-phJfQVBuaJM5raOpJjSfkiD6BpbCE4Ns//LaXl6wGYtUBY83nWS6Rf9tXm2e8VaK60JEjYldbPif/A2B1C2gNA==
  dependencies:
    loose-envify "^1.0.0"

isobject@^3.0.1:
  version "3.0.1"
  resolved "https://unpm.uberinternal.com/isobject/-/isobject-3.0.1.tgz#4e431e92b11a9731636aa1f9c8d1ccbcfdab78df"
  integrity sha1-TkMekrEalzFjaqH5yNHMvP2reN8=

"js-tokens@^3.0.0 || ^4.0.0":
  version "4.0.0"
  resolved "https://unpm.uberinternal.com/js-tokens/-/js-tokens-4.0.0.tgz#19203fb59991df98e3a287050d4647cdeaf32499"
  integrity sha512-RdJUflcE3cUzKiMqQgsCu06FPu9UdIJO0beYbPhHN4k6apgJtifcoCtT9bcxOpYBtpD2kCM6Sbzg4CausW/PKQ==

just-extend@^4.0.2:
  version "4.0.2"
  resolved "https://unpm.uberinternal.com/just-extend/-/just-extend-4.0.2.tgz#f3f47f7dfca0f989c55410a7ebc8854b07108afc"
  integrity sha512-FrLwOgm+iXrPV+5zDU6Jqu4gCRXbWEQg2O3SKONsWE4w7AXFRkryS53bpWdaL9cNol+AmR3AEYz6kn+o0fCPnw==

loose-envify@^1.0.0, loose-envify@^1.4.0:
  version "1.4.0"
  resolved "https://unpm.uberinternal.com/loose-envify/-/loose-envify-1.4.0.tgz#71ee51fa7be4caec1a63839f7e682d8132d30caf"
  integrity sha512-lyuxPGr/Wfhrlem2CL/UcnUc1zcqKAImBDzukY7Y5F/yQiNdko6+fRLevlw1HgMySw7f611UIY408EtxRSoK3Q==
  dependencies:
    js-tokens "^3.0.0 || ^4.0.0"

memoize-one@^5.0.0:
  version "5.0.4"
  resolved "https://unpm.uberinternal.com/memoize-one/-/memoize-one-5.0.4.tgz#005928aced5c43d890a4dfab18ca908b0ec92cbc"
  integrity sha512-P0z5IeAH6qHHGkJIXWw0xC2HNEgkx/9uWWBQw64FJj3/ol14VYdfVGWWr0fXfjhhv3TKVIqUq65os6O4GUNksA==

object-assign@^4.1.1:
  version "4.1.1"
  resolved "https://unpm.uberinternal.com/object-assign/-/object-assign-4.1.1.tgz#2109adc7965887cfc05cbbd442cac8bfbb360863"
  integrity sha1-IQmtx5ZYh8/AXLvUQsrIv7s2CGM=

polished@^3.2.0:
  version "3.3.0"
  resolved "https://unpm.uberinternal.com/polished/-/polished-3.3.0.tgz#59158368b29466e19f16f5ed38007397fb66f51d"
  integrity sha512-R04iFBAViTVQ5vMZqhwCZPcG3Av4WyUP2kxTfsr+yNoO60CXai9u7YMlExZZh56/DRoCamXKbusaTbTsBX0vtw==
  dependencies:
    "@babel/runtime" "^7.4.4"

popper.js@^1.14.3:
  version "1.15.0"
  resolved "https://unpm.uberinternal.com/popper.js/-/popper.js-1.15.0.tgz#5560b99bbad7647e9faa475c6b8056621f5a4ff2"
  integrity sha512-w010cY1oCUmI+9KwwlWki+r5jxKfTFDVoadl7MSrIujHU5MJ5OR6HTDj6Xo8aoR/QsA56x8jKjA59qGH4ELtrA==

prop-types-extra@^1.1.0:
  version "1.1.0"
  resolved "https://unpm.uberinternal.com/prop-types-extra/-/prop-types-extra-1.1.0.tgz#32609910ea2dcf190366bacd3490d5a6412a605f"
  integrity sha512-QFyuDxvMipmIVKD2TwxLVPzMnO4e5oOf1vr3tJIomL8E7d0lr6phTHd5nkPhFIzTD1idBLLEPeylL9g+rrTzRg==
  dependencies:
    react-is "^16.3.2"
    warning "^3.0.0"

prop-types@^15.6.0, prop-types@^15.6.2:
  version "15.7.2"
  resolved "https://unpm.uberinternal.com/prop-types/-/prop-types-15.7.2.tgz#52c41e75b8c87e72b9d9360e0206b99dcbffa6c5"
  integrity sha512-8QQikdH7//R2vurIJSutZ1smHYTcLpRWEOlHnzcWHmBYrOGUysKwSsrC89BCiFj3CbrfJ/nXFdJepOVrY1GCHQ==
  dependencies:
    loose-envify "^1.4.0"
    object-assign "^4.1.1"
    react-is "^16.8.1"

react-dropzone@^9.0.0:
  version "9.0.0"
  resolved "https://unpm.uberinternal.com/react-dropzone/-/react-dropzone-9.0.0.tgz#4f5223cdcb4d3bd8a66e3298c4041eb0c75c4634"
  integrity sha512-wZ2o9B2qkdE3RumWhfyZT9swgJYJPeU5qHEcMU8weYpmLex1eeWX0CC32/Y0VutB+BBi2D+iePV/YZIiB4kZGw==
  dependencies:
    attr-accept "^1.1.3"
    file-selector "^0.1.8"
    prop-types "^15.6.2"
    prop-types-extra "^1.1.0"

react-input-mask@^2.0.4:
  version "2.0.4"
  resolved "https://unpm.uberinternal.com/react-input-mask/-/react-input-mask-2.0.4.tgz#9ade5cf8196f4a856dbf010820fe75a795f3eb14"
  integrity sha512-1hwzMr/aO9tXfiroiVCx5EtKohKwLk/NT8QlJXHQ4N+yJJFyUuMT+zfTpLBwX/lK3PkuMlievIffncpMZ3HGRQ==
  dependencies:
    invariant "^2.2.4"
    warning "^4.0.2"

react-is@^16.3.2, react-is@^16.8.1:
  version "16.8.6"
  resolved "https://unpm.uberinternal.com/react-is/-/react-is-16.8.6.tgz#5bbc1e2d29141c9fbdfed456343fe2bc430a6a16"
  integrity sha512-aUk3bHfZ2bRSVFFbbeVS4i+lNPZr3/WM5jT2J5omUVV1zzcs1nAaf3l51ctA5FFvCRbhrH0bdAsRRQddFJZPtA==

react-movable@^2.0.1:
  version "2.0.2"
  resolved "https://unpm.uberinternal.com/react-movable/-/react-movable-2.0.2.tgz#0a6867bae9421e04b610137ec2b1acf830f8e5c7"
  integrity sha512-LRfUGomI+9ajPDkUAY6Acb0KI0a50ybX3YjFYSVyWHIytxUWf9UiN2Z7XoimRbBHvLElz+4WUUkgTtgRLMWHWw==

react-range@^1.0.5:
  version "1.0.5"
  resolved "https://unpm.uberinternal.com/react-range/-/react-range-1.0.5.tgz#0179f66fce1cdf4ce632dfef5a79fe4e8b6e651e"
  integrity sha512-luKKnGOBhiv9/7U8qWuG4JEWd3M2c+cvJQRtbEMFZ6t6QMUWIttv0fo9lnHdjVvHRO6CAWhWV5IbRNC7afmhSg==

regenerator-runtime@^0.13.2:
  version "0.13.2"
  resolved "https://unpm.uberinternal.com/regenerator-runtime/-/regenerator-runtime-0.13.2.tgz#32e59c9a6fb9b1a4aff09b4930ca2d4477343447"
  integrity sha512-S/TQAZJO+D3m9xeN1WTI8dLKBBiRgXBlTJvbWjCThHWZj9EvHK70Ff50/tYj2J/fvBY6JtFVwRuazHN2E7M9BA==

smoothscroll-polyfill@^0.4.3:
  version "0.4.4"
  resolved "https://unpm.uberinternal.com/smoothscroll-polyfill/-/smoothscroll-polyfill-0.4.4.tgz#3a259131dc6930e6ca80003e1cb03b603b69abf8"
  integrity sha512-TK5ZA9U5RqCwMpfoMq/l1mrH0JAR7y7KRvOBx0n2869aLxch+gT9GhN3yUfjiw+d/DiF1mKo14+hd62JyMmoBg==

styletron-engine-atomic@^1.1.2:
  version "1.1.2"
  resolved "https://unpm.uberinternal.com/styletron-engine-atomic/-/styletron-engine-atomic-1.1.2.tgz#b3cec962ab89fa133da0c87227f897350aeeef11"
  integrity sha512-6N258sCi5dyjvITKqJkaJG1AZxOyXY7xuedetJeMlcgjfxTVSPZi0+EYJlcGr9MGnqxJerAMNpq2CtI7jrQ67A==
  dependencies:
    inline-style-prefixer "^4.0.0"
    styletron-standard "^2.0.3"

styletron-react@^5.0.1:
  version "5.0.1"
  resolved "https://unpm.uberinternal.com/styletron-react/-/styletron-react-5.0.1.tgz#b923a3d8f46d837f43bc0a1f1429185187419f61"
  integrity sha512-rwr9fqfFBbkzxOUDxeIzZbhzZfWGmegsUY9Vr+cF0kCpqTl1M3ah5JBuvTECkEtt5v3CXhES19JV8nbIVtt5gQ==
  dependencies:
    prop-types "^15.6.0"
    styletron-standard "^2.0.3"

styletron-standard@^2.0.3:
  version "2.0.3"
  resolved "https://unpm.uberinternal.com/styletron-standard/-/styletron-standard-2.0.3.tgz#e453f420e977247bef655ee10b92c2f2d6fd3fc9"
  integrity sha512-p+BdWQn9oDClym/mGaTcZerQwSklKv/m1cBM2ETLACBsBLHp1f+UqglurxTD6nKv/mrHwXglE3t6qhuhD8dNTA==
  dependencies:
    inline-style-prefixer "^4.0.0"

tabbable@^4.0.0:
  version "4.0.0"
  resolved "https://unpm.uberinternal.com/tabbable/-/tabbable-4.0.0.tgz#5bff1d1135df1482cf0f0206434f15eadbeb9261"
  integrity sha512-H1XoH1URcBOa/rZZWxLxHCtOdVUEev+9vo5YdYhC9tCY4wnybX+VQrCYuy9ubkg69fCBxCONJOSLGfw0DWMffQ==

timezone-support@^1.8.1:
  version "1.8.1"
  resolved "https://unpm.uberinternal.com/timezone-support/-/timezone-support-1.8.1.tgz#0a8c04d0614be6fccdd2280aaad5072fa5d31e5f"
  integrity sha512-+pKzxoUe4PZXaQcswceJlA+69oRyyu1uivnYKdpsC7eGzZiuvTLbU4WYPqTKslEsoSvjN8k/u/6qNfGikBB/wA==
  dependencies:
    commander "2.19.0"

tslib@^1.9.0:
  version "1.9.3"
  resolved "https://unpm.uberinternal.com/tslib/-/tslib-1.9.3.tgz#d7e4dd79245d85428c4d7e4822a79917954ca286"
  integrity sha512-4krF8scpejhaOgqzBEcGM7yDIEfi0/8+8zDRZhNZZ2kjmHJ4hv3zCbQWxoJGz1iw5U0Jl0nma13xzHXcncMavQ==

warning@^3.0.0:
  version "3.0.0"
  resolved "https://unpm.uberinternal.com/warning/-/warning-3.0.0.tgz#32e5377cb572de4ab04753bdf8821c01ed605b7c"
  integrity sha1-MuU3fLVy3kqwR1O9+IIcAe1gW3w=
  dependencies:
    loose-envify "^1.0.0"

warning@^4.0.2:
  version "4.0.3"
  resolved "https://unpm.uberinternal.com/warning/-/warning-4.0.3.tgz#16e9e077eb8a86d6af7d64aa1e05fd85b4678ca3"
  integrity sha512-rpJyN222KWIvHJ/F53XSZv0Zl/accqHR8et1kpaMTD/fLCRxtV8iX8czMzY7sVZupTI3zcUTg8eycS2kNF9l6w==
  dependencies:
    loose-envify "^1.0.0"

xtend@^4.0.1:
  version "4.0.1"
  resolved "https://unpm.uberinternal.com/xtend/-/xtend-4.0.1.tgz#a5c6d532be656e23db820efb943a1f04998d63af"
  integrity sha1-pcbVMr5lbiPbgg77lDofBJmNY68=
